// !$*UTF8*$!
{
	archiveVersion = 1;
	classes = {
	};
	objectVersion = 50;
	objects = {

/* Begin PBXBuildFile section */
		88561EBF267B9897008514B7 /* DevoteApp.swift in Sources */ = {isa = PBXBuildFile; fileRef = 88561EBE267B9897008514B7 /* DevoteApp.swift */; };
		88561EC1267B9897008514B7 /* ContentView.swift in Sources */ = {isa = PBXBuildFile; fileRef = 88561EC0267B9897008514B7 /* ContentView.swift */; };
		88561EC3267B989E008514B7 /* Assets.xcassets in Resources */ = {isa = PBXBuildFile; fileRef = 88561EC2267B989E008514B7 /* Assets.xcassets */; };
		88561EC6267B989E008514B7 /* Preview Assets.xcassets in Resources */ = {isa = PBXBuildFile; fileRef = 88561EC5267B989E008514B7 /* Preview Assets.xcassets */; };
		88561EC8267B989E008514B7 /* Persistence.swift in Sources */ = {isa = PBXBuildFile; fileRef = 88561EC7267B989E008514B7 /* Persistence.swift */; };
		88561ECB267B989E008514B7 /* Devote.xcdatamodeld in Sources */ = {isa = PBXBuildFile; fileRef = 88561EC9267B989E008514B7 /* Devote.xcdatamodeld */; };
		88561ED5267B9A02008514B7 /* sound-ding.mp3 in Resources */ = {isa = PBXBuildFile; fileRef = 88561ED2267B9A01008514B7 /* sound-ding.mp3 */; };
		88561ED6267B9A02008514B7 /* sound-rise.mp3 in Resources */ = {isa = PBXBuildFile; fileRef = 88561ED3267B9A02008514B7 /* sound-rise.mp3 */; };
		88561ED7267B9A02008514B7 /* sound-tap.mp3 in Resources */ = {isa = PBXBuildFile; fileRef = 88561ED4267B9A02008514B7 /* sound-tap.mp3 */; };
		889FA351267DF90000207B06 /* NewTaskItemView.swift in Sources */ = {isa = PBXBuildFile; fileRef = 889FA350267DF90000207B06 /* NewTaskItemView.swift */; };
		88C1E62C267CDA110000F4E8 /* Constant.swift in Sources */ = {isa = PBXBuildFile; fileRef = 88C1E62B267CDA110000F4E8 /* Constant.swift */; };
		88C1E62E267CE3290000F4E8 /* HideKeyboardExt.swift in Sources */ = {isa = PBXBuildFile; fileRef = 88C1E62D267CE3290000F4E8 /* HideKeyboardExt.swift */; };
		88C1E630267CEA680000F4E8 /* BGImageView.swift in Sources */ = {isa = PBXBuildFile; fileRef = 88C1E62F267CEA680000F4E8 /* BGImageView.swift */; };
/* End PBXBuildFile section */

/* Begin PBXFileReference section */
		88561EBB267B9897008514B7 /* Devote.app */ = {isa = PBXFileReference; explicitFileType = wrapper.application; includeInIndex = 0; path = Devote.app; sourceTree = BUILT_PRODUCTS_DIR; };
		88561EBE267B9897008514B7 /* DevoteApp.swift */ = {isa = PBXFileReference; lastKnownFileType = sourcecode.swift; path = DevoteApp.swift; sourceTree = "<group>"; };
		88561EC0267B9897008514B7 /* ContentView.swift */ = {isa = PBXFileReference; lastKnownFileType = sourcecode.swift; path = ContentView.swift; sourceTree = "<group>"; };
		88561EC2267B989E008514B7 /* Assets.xcassets */ = {isa = PBXFileReference; lastKnownFileType = folder.assetcatalog; path = Assets.xcassets; sourceTree = "<group>"; };
		88561EC5267B989E008514B7 /* Preview Assets.xcassets */ = {isa = PBXFileReference; lastKnownFileType = folder.assetcatalog; path = "Preview Assets.xcassets"; sourceTree = "<group>"; };
		88561EC7267B989E008514B7 /* Persistence.swift */ = {isa = PBXFileReference; lastKnownFileType = sourcecode.swift; path = Persistence.swift; sourceTree = "<group>"; };
		88561ECA267B989E008514B7 /* Devote.xcdatamodel */ = {isa = PBXFileReference; lastKnownFileType = wrapper.xcdatamodel; path = Devote.xcdatamodel; sourceTree = "<group>"; };
		88561ECC267B989E008514B7 /* Info.plist */ = {isa = PBXFileReference; lastKnownFileType = text.plist.xml; path = Info.plist; sourceTree = "<group>"; };
		88561ED2267B9A01008514B7 /* sound-ding.mp3 */ = {isa = PBXFileReference; lastKnownFileType = audio.mp3; path = "sound-ding.mp3"; sourceTree = "<group>"; };
		88561ED3267B9A02008514B7 /* sound-rise.mp3 */ = {isa = PBXFileReference; lastKnownFileType = audio.mp3; path = "sound-rise.mp3"; sourceTree = "<group>"; };
		88561ED4267B9A02008514B7 /* sound-tap.mp3 */ = {isa = PBXFileReference; lastKnownFileType = audio.mp3; path = "sound-tap.mp3"; sourceTree = "<group>"; };
		889FA350267DF90000207B06 /* NewTaskItemView.swift */ = {isa = PBXFileReference; lastKnownFileType = sourcecode.swift; path = NewTaskItemView.swift; sourceTree = "<group>"; };
		88C1E62B267CDA110000F4E8 /* Constant.swift */ = {isa = PBXFileReference; lastKnownFileType = sourcecode.swift; path = Constant.swift; sourceTree = "<group>"; };
		88C1E62D267CE3290000F4E8 /* HideKeyboardExt.swift */ = {isa = PBXFileReference; lastKnownFileType = sourcecode.swift; path = HideKeyboardExt.swift; sourceTree = "<group>"; };
		88C1E62F267CEA680000F4E8 /* BGImageView.swift */ = {isa = PBXFileReference; lastKnownFileType = sourcecode.swift; path = BGImageView.swift; sourceTree = "<group>"; };
/* End PBXFileReference section */

/* Begin PBXFrameworksBuildPhase section */
		88561EB8267B9897008514B7 /* Frameworks */ = {
			isa = PBXFrameworksBuildPhase;
			buildActionMask = 2147483647;
			files = (
			);
			runOnlyForDeploymentPostprocessing = 0;
		};
/* End PBXFrameworksBuildPhase section */

/* Begin PBXGroup section */
		88561EB2267B9897008514B7 = {
			isa = PBXGroup;
			children = (
				88561EBD267B9897008514B7 /* Devote */,
				88561EBC267B9897008514B7 /* Products */,
			);
			sourceTree = "<group>";
		};
		88561EBC267B9897008514B7 /* Products */ = {
			isa = PBXGroup;
			children = (
				88561EBB267B9897008514B7 /* Devote.app */,
			);
			name = Products;
			sourceTree = "<group>";
		};
		88561EBD267B9897008514B7 /* Devote */ = {
			isa = PBXGroup;
			children = (
				88561EBE267B9897008514B7 /* DevoteApp.swift */,
				88561EDD267B9A6E008514B7 /* Model */,
				88561EDA267B9A2D008514B7 /* View */,
				88561EDB267B9A3A008514B7 /* Extension */,
				88561EDC267B9A40008514B7 /* Utility */,
				88561ED9267B9A11008514B7 /* Sounds */,
				88561EC4267B989E008514B7 /* Preview Content */,
				88561EC2267B989E008514B7 /* Assets.xcassets */,
				88561ECC267B989E008514B7 /* Info.plist */,
			);
			path = Devote;
			sourceTree = "<group>";
		};
		88561EC4267B989E008514B7 /* Preview Content */ = {
			isa = PBXGroup;
			children = (
				88561EC5267B989E008514B7 /* Preview Assets.xcassets */,
			);
			path = "Preview Content";
			sourceTree = "<group>";
		};
		88561ED9267B9A11008514B7 /* Sounds */ = {
			isa = PBXGroup;
			children = (
				88561ED2267B9A01008514B7 /* sound-ding.mp3 */,
				88561ED3267B9A02008514B7 /* sound-rise.mp3 */,
				88561ED4267B9A02008514B7 /* sound-tap.mp3 */,
			);
			path = Sounds;
			sourceTree = "<group>";
		};
		88561EDA267B9A2D008514B7 /* View */ = {
			isa = PBXGroup;
			children = (
				88561EC0267B9897008514B7 /* ContentView.swift */,
				88C1E62F267CEA680000F4E8 /* BGImageView.swift */,
				889FA350267DF90000207B06 /* NewTaskItemView.swift */,
			);
			path = View;
			sourceTree = "<group>";
		};
		88561EDB267B9A3A008514B7 /* Extension */ = {
			isa = PBXGroup;
			children = (
				88C1E62D267CE3290000F4E8 /* HideKeyboardExt.swift */,
			);
			path = Extension;
			sourceTree = "<group>";
		};
		88561EDC267B9A40008514B7 /* Utility */ = {
			isa = PBXGroup;
			children = (
				88C1E62B267CDA110000F4E8 /* Constant.swift */,
			);
			path = Utility;
			sourceTree = "<group>";
		};
		88561EDD267B9A6E008514B7 /* Model */ = {
			isa = PBXGroup;
			children = (
				88561EC7267B989E008514B7 /* Persistence.swift */,
				88561EC9267B989E008514B7 /* Devote.xcdatamodeld */,
			);
			path = Model;
			sourceTree = "<group>";
		};
/* End PBXGroup section */

/* Begin PBXNativeTarget section */
		88561EBA267B9897008514B7 /* Devote */ = {
			isa = PBXNativeTarget;
			buildConfigurationList = 88561ECF267B989E008514B7 /* Build configuration list for PBXNativeTarget "Devote" */;
			buildPhases = (
				88561EB7267B9897008514B7 /* Sources */,
				88561EB8267B9897008514B7 /* Frameworks */,
				88561EB9267B9897008514B7 /* Resources */,
			);
			buildRules = (
			);
			dependencies = (
			);
			name = Devote;
			productName = Devote;
			productReference = 88561EBB267B9897008514B7 /* Devote.app */;
			productType = "com.apple.product-type.application";
		};
/* End PBXNativeTarget section */

/* Begin PBXProject section */
		88561EB3267B9897008514B7 /* Project object */ = {
			isa = PBXProject;
			attributes = {
				LastSwiftUpdateCheck = 1250;
				LastUpgradeCheck = 1250;
				TargetAttributes = {
					88561EBA267B9897008514B7 = {
						CreatedOnToolsVersion = 12.5;
					};
				};
			};
			buildConfigurationList = 88561EB6267B9897008514B7 /* Build configuration list for PBXProject "Devote" */;
			compatibilityVersion = "Xcode 9.3";
			developmentRegion = en;
			hasScannedForEncodings = 0;
			knownRegions = (
				en,
				Base,
			);
			mainGroup = 88561EB2267B9897008514B7;
			productRefGroup = 88561EBC267B9897008514B7 /* Products */;
			projectDirPath = "";
			projectRoot = "";
			targets = (
				88561EBA267B9897008514B7 /* Devote */,
			);
		};
/* End PBXProject section */

/* Begin PBXResourcesBuildPhase section */
		88561EB9267B9897008514B7 /* Resources */ = {
			isa = PBXResourcesBuildPhase;
			buildActionMask = 2147483647;
			files = (
				88561EC6267B989E008514B7 /* Preview Assets.xcassets in Resources */,
				88561ED6267B9A02008514B7 /* sound-rise.mp3 in Resources */,
				88561EC3267B989E008514B7 /* Assets.xcassets in Resources */,
				88561ED7267B9A02008514B7 /* sound-tap.mp3 in Resources */,
				88561ED5267B9A02008514B7 /* sound-ding.mp3 in Resources */,
			);
			runOnlyForDeploymentPostprocessing = 0;
		};
/* End PBXResourcesBuildPhase section */

/* Begin PBXSourcesBuildPhase section */
		88561EB7267B9897008514B7 /* Sources */ = {
			isa = PBXSourcesBuildPhase;
			buildActionMask = 2147483647;
			files = (
				88C1E630267CEA680000F4E8 /* BGImageView.swift in Sources */,
				88561EC8267B989E008514B7 /* Persistence.swift in Sources */,
				88561EC1267B9897008514B7 /* ContentView.swift in Sources */,
				88C1E62E267CE3290000F4E8 /* HideKeyboardExt.swift in Sources */,
				88C1E62C267CDA110000F4E8 /* Constant.swift in Sources */,
				88561ECB267B989E008514B7 /* Devote.xcdatamodeld in Sources */,
				88561EBF267B9897008514B7 /* DevoteApp.swift in Sources */,
				889FA351267DF90000207B06 /* NewTaskItemView.swift in Sources */,
			);
			runOnlyForDeploymentPostprocessing = 0;
		};
/* End PBXSourcesBuildPhase section */

/* Begin XCBuildConfiguration section */
		88561ECD267B989E008514B7 /* Debug */ = {
			isa = XCBuildConfiguration;
			buildSettings = {
				ALWAYS_SEARCH_USER_PATHS = NO;
				CLANG_ANALYZER_NONNULL = YES;
				CLANG_ANALYZER_NUMBER_OBJECT_CONVERSION = YES_AGGRESSIVE;
				CLANG_CXX_LANGUAGE_STANDARD = "gnu++14";
				CLANG_CXX_LIBRARY = "libc++";
				CLANG_ENABLE_MODULES = YES;
				CLANG_ENABLE_OBJC_ARC = YES;
				CLANG_ENABLE_OBJC_WEAK = YES;
				CLANG_WARN_BLOCK_CAPTURE_AUTORELEASING = YES;
				CLANG_WARN_BOOL_CONVERSION = YES;
				CLANG_WARN_COMMA = YES;
				CLANG_WARN_CONSTANT_CONVERSION = YES;
				CLANG_WARN_DEPRECATED_OBJC_IMPLEMENTATIONS = YES;
				CLANG_WARN_DIRECT_OBJC_ISA_USAGE = YES_ERROR;
				CLANG_WARN_DOCUMENTATION_COMMENTS = YES;
				CLANG_WARN_EMPTY_BODY = YES;
				CLANG_WARN_ENUM_CONVERSION = YES;
				CLANG_WARN_INFINITE_RECURSION = YES;
				CLANG_WARN_INT_CONVERSION = YES;
				CLANG_WARN_NON_LITERAL_NULL_CONVERSION = YES;
				CLANG_WARN_OBJC_IMPLICIT_RETAIN_SELF = YES;
				CLANG_WARN_OBJC_LITERAL_CONVERSION = YES;
				CLANG_WARN_OBJC_ROOT_CLASS = YES_ERROR;
				CLANG_WARN_QUOTED_INCLUDE_IN_FRAMEWORK_HEADER = YES;
				CLANG_WARN_RANGE_LOOP_ANALYSIS = YES;
				CLANG_WARN_STRICT_PROTOTYPES = YES;
				CLANG_WARN_SUSPICIOUS_MOVE = YES;
				CLANG_WARN_UNGUARDED_AVAILABILITY = YES_AGGRESSIVE;
				CLANG_WARN_UNREACHABLE_CODE = YES;
				CLANG_WARN__DUPLICATE_METHOD_MATCH = YES;
				COPY_PHASE_STRIP = NO;
				DEBUG_INFORMATION_FORMAT = dwarf;
				ENABLE_STRICT_OBJC_MSGSEND = YES;
				ENABLE_TESTABILITY = YES;
				GCC_C_LANGUAGE_STANDARD = gnu11;
				GCC_DYNAMIC_NO_PIC = NO;
				GCC_NO_COMMON_BLOCKS = YES;
				GCC_OPTIMIZATION_LEVEL = 0;
				GCC_PREPROCESSOR_DEFINITIONS = (
					"DEBUG=1",
					"$(inherited)",
				);
				GCC_WARN_64_TO_32_BIT_CONVERSION = YES;
				GCC_WARN_ABOUT_RETURN_TYPE = YES_ERROR;
				GCC_WARN_UNDECLARED_SELECTOR = YES;
				GCC_WARN_UNINITIALIZED_AUTOS = YES_AGGRESSIVE;
				GCC_WARN_UNUSED_FUNCTION = YES;
				GCC_WARN_UNUSED_VARIABLE = YES;
				IPHONEOS_DEPLOYMENT_TARGET = 14.5;
				MTL_ENABLE_DEBUG_INFO = INCLUDE_SOURCE;
				MTL_FAST_MATH = YES;
				ONLY_ACTIVE_ARCH = YES;
				SDKROOT = iphoneos;
				SWIFT_ACTIVE_COMPILATION_CONDITIONS = DEBUG;
				SWIFT_OPTIMIZATION_LEVEL = "-Onone";
			};
			name = Debug;
		};
		88561ECE267B989E008514B7 /* Release */ = {
			isa = XCBuildConfiguration;
			buildSettings = {
				ALWAYS_SEARCH_USER_PATHS = NO;
				CLANG_ANALYZER_NONNULL = YES;
				CLANG_ANALYZER_NUMBER_OBJECT_CONVERSION = YES_AGGRESSIVE;
				CLANG_CXX_LANGUAGE_STANDARD = "gnu++14";
				CLANG_CXX_LIBRARY = "libc++";
				CLANG_ENABLE_MODULES = YES;
				CLANG_ENABLE_OBJC_ARC = YES;
				CLANG_ENABLE_OBJC_WEAK = YES;
				CLANG_WARN_BLOCK_CAPTURE_AUTORELEASING = YES;
				CLANG_WARN_BOOL_CONVERSION = YES;
				CLANG_WARN_COMMA = YES;
				CLANG_WARN_CONSTANT_CONVERSION = YES;
				CLANG_WARN_DEPRECATED_OBJC_IMPLEMENTATIONS = YES;
				CLANG_WARN_DIRECT_OBJC_ISA_USAGE = YES_ERROR;
				CLANG_WARN_DOCUMENTATION_COMMENTS = YES;
				CLANG_WARN_EMPTY_BODY = YES;
				CLANG_WARN_ENUM_CONVERSION = YES;
				CLANG_WARN_INFINITE_RECURSION = YES;
				CLANG_WARN_INT_CONVERSION = YES;
				CLANG_WARN_NON_LITERAL_NULL_CONVERSION = YES;
				CLANG_WARN_OBJC_IMPLICIT_RETAIN_SELF = YES;
				CLANG_WARN_OBJC_LITERAL_CONVERSION = YES;
				CLANG_WARN_OBJC_ROOT_CLASS = YES_ERROR;
				CLANG_WARN_QUOTED_INCLUDE_IN_FRAMEWORK_HEADER = YES;
				CLANG_WARN_RANGE_LOOP_ANALYSIS = YES;
				CLANG_WARN_STRICT_PROTOTYPES = YES;
				CLANG_WARN_SUSPICIOUS_MOVE = YES;
				CLANG_WARN_UNGUARDED_AVAILABILITY = YES_AGGRESSIVE;
				CLANG_WARN_UNREACHABLE_CODE = YES;
				CLANG_WARN__DUPLICATE_METHOD_MATCH = YES;
				COPY_PHASE_STRIP = NO;
				DEBUG_INFORMATION_FORMAT = "dwarf-with-dsym";
				ENABLE_NS_ASSERTIONS = NO;
				ENABLE_STRICT_OBJC_MSGSEND = YES;
				GCC_C_LANGUAGE_STANDARD = gnu11;
				GCC_NO_COMMON_BLOCKS = YES;
				GCC_WARN_64_TO_32_BIT_CONVERSION = YES;
				GCC_WARN_ABOUT_RETURN_TYPE = YES_ERROR;
				GCC_WARN_UNDECLARED_SELECTOR = YES;
				GCC_WARN_UNINITIALIZED_AUTOS = YES_AGGRESSIVE;
				GCC_WARN_UNUSED_FUNCTION = YES;
				GCC_WARN_UNUSED_VARIABLE = YES;
				IPHONEOS_DEPLOYMENT_TARGET = 14.5;
				MTL_ENABLE_DEBUG_INFO = NO;
				MTL_FAST_MATH = YES;
				SDKROOT = iphoneos;
				SWIFT_COMPILATION_MODE = wholemodule;
				SWIFT_OPTIMIZATION_LEVEL = "-O";
				VALIDATE_PRODUCT = YES;
			};
			name = Release;
		};
		88561ED0267B989E008514B7 /* Debug */ = {
			isa = XCBuildConfiguration;
			buildSettings = {
				ASSETCATALOG_COMPILER_APPICON_NAME = AppIcon;
				ASSETCATALOG_COMPILER_GLOBAL_ACCENT_COLOR_NAME = AccentColor;
				CODE_SIGN_STYLE = Automatic;
				DEVELOPMENT_ASSET_PATHS = "\"Devote/Preview Content\"";
				DEVELOPMENT_TEAM = L23WY88RCA;
				ENABLE_PREVIEWS = YES;
				INFOPLIST_FILE = Devote/Info.plist;
				IPHONEOS_DEPLOYMENT_TARGET = 14.0;
				LD_RUNPATH_SEARCH_PATHS = (
					"$(inherited)",
					"@executable_path/Frameworks",
				);
				PRODUCT_BUNDLE_IDENTIFIER = "com.anis-agwan.Devote";
				PRODUCT_NAME = "$(TARGET_NAME)";
				SWIFT_VERSION = 5.0;
				TARGETED_DEVICE_FAMILY = "1,2";
			};
			name = Debug;
		};
		88561ED1267B989E008514B7 /* Release */ = {
			isa = XCBuildConfiguration;
			buildSettings = {
				ASSETCATALOG_COMPILER_APPICON_NAME = AppIcon;
				ASSETCATALOG_COMPILER_GLOBAL_ACCENT_COLOR_NAME = AccentColor;
				CODE_SIGN_STYLE = Automatic;
				DEVELOPMENT_ASSET_PATHS = "\"Devote/Preview Content\"";
				DEVELOPMENT_TEAM = L23WY88RCA;
				ENABLE_PREVIEWS = YES;
				INFOPLIST_FILE = Devote/Info.plist;
				IPHONEOS_DEPLOYMENT_TARGET = 14.0;
				LD_RUNPATH_SEARCH_PATHS = (
					"$(inherited)",
					"@executable_path/Frameworks",
				);
				PRODUCT_BUNDLE_IDENTIFIER = "com.anis-agwan.Devote";
				PRODUCT_NAME = "$(TARGET_NAME)";
				SWIFT_VERSION = 5.0;
				TARGETED_DEVICE_FAMILY = "1,2";
			};
			name = Release;
		};
/* End XCBuildConfiguration section */

/* Begin XCConfigurationList section */
		88561EB6267B9897008514B7 /* Build configuration list for PBXProject "Devote" */ = {
			isa = XCConfigurationList;
			buildConfigurations = (
				88561ECD267B989E008514B7 /* Debug */,
				88561ECE267B989E008514B7 /* Release */,
			);
			defaultConfigurationIsVisible = 0;
			defaultConfigurationName = Release;
		};
		88561ECF267B989E008514B7 /* Build configuration list for PBXNativeTarget "Devote" */ = {
			isa = XCConfigurationList;
			buildConfigurations = (
				88561ED0267B989E008514B7 /* Debug */,
				88561ED1267B989E008514B7 /* Release */,
			);
			defaultConfigurationIsVisible = 0;
			defaultConfigurationName = Release;
		};
/* End XCConfigurationList section */

/* Begin XCVersionGroup section */
		88561EC9267B989E008514B7 /* Devote.xcdatamodeld */ = {
			isa = XCVersionGroup;
			children = (
				88561ECA267B989E008514B7 /* Devote.xcdatamodel */,
			);
			currentVersion = 88561ECA267B989E008514B7 /* Devote.xcdatamodel */;
			path = Devote.xcdatamodeld;
			sourceTree = "<group>";
			versionGroupType = wrapper.xcdatamodel;
		};
/* End XCVersionGroup section */
	};
	rootObject = 88561EB3267B9897008514B7 /* Project object */;
}
